
Microsoft Visual Studio Solution File, Format Version 12.00
Project("{FAE04EC0-301F-11D3-BF4B-00C04F79EFBC}") = "lab9", "lab9\lab9.csproj", "{D0620C44-C49D-4A00-9C63-DEDE8F362217}"
EndProject
Global
	GlobalSection(SolutionConfigurationPlatforms) = preSolution
		Debug|Any CPU = Debug|Any CPU
		Release|Any CPU = Release|Any CPU
	EndGlobalSection
	GlobalSection(ProjectConfigurationPlatforms) = postSolution
		{D0620C44-C49D-4A00-9C63-DEDE8F362217}.Debug|Any CPU.ActiveCfg = Debug|Any CPU
		{D0620C44-C49D-4A00-9C63-DEDE8F362217}.Debug|Any CPU.Build.0 = Debug|Any CPU
		{D0620C44-C49D-4A00-9C63-DEDE8F362217}.Release|Any CPU.ActiveCfg = Release|Any CPU
		{D0620C44-C49D-4A00-9C63-DEDE8F362217}.Release|Any CPU.Build.0 = Release|Any CPU
	EndGlobalSection
EndGlobal
