
Microsoft Visual Studio Solution File, Format Version 12.00
Project("{FAE04EC0-301F-11D3-BF4B-00C04F79EFBC}") = "lab2", "lab2\lab2.csproj", "{B2C80EB9-C048-4BEF-A921-1ACFA1FC506A}"
EndProject
Global
	GlobalSection(SolutionConfigurationPlatforms) = preSolution
		Debug|Any CPU = Debug|Any CPU
		Release|Any CPU = Release|Any CPU
	EndGlobalSection
	GlobalSection(ProjectConfigurationPlatforms) = postSolution
		{B2C80EB9-C048-4BEF-A921-1ACFA1FC506A}.Debug|Any CPU.ActiveCfg = Debug|Any CPU
		{B2C80EB9-C048-4BEF-A921-1ACFA1FC506A}.Debug|Any CPU.Build.0 = Debug|Any CPU
		{B2C80EB9-C048-4BEF-A921-1ACFA1FC506A}.Release|Any CPU.ActiveCfg = Release|Any CPU
		{B2C80EB9-C048-4BEF-A921-1ACFA1FC506A}.Release|Any CPU.Build.0 = Release|Any CPU
	EndGlobalSection
EndGlobal
